version: 1.0
shards:
  admiral:
    github: jwaldrip/admiral.cr
    version: 1.7.2

  blank:
    github: kostya/blank
    version: 0.1.0

  clear:
    github: anykeyh/clear
    commit: 3979d7bf8cfd428f1070cf200bb832dc0b3b4e47

  core:
    github: vladfaust/core
    commit: 078e398c5804dbed6a59bd6a3e260de5cc91bd95

  crecto:
    github: Crecto/crecto
    commit: b8da62ed919f35b664d1f432862a68e506b212a5

  db:
    github: crystal-lang/crystal-db
    version: 0.5.0

  generate:
    github: anykeyh/generate.cr
    commit: f374acb340ea92a79fba97c7deb2f0a0ff4be62f

  granite:
    github: amberframework/granite
    commit: 6407b5214f3145b7d535186fe4785a5b9dccc63d

  habitat:
    github: luckyframework/habitat
    version: 0.3.0

  i18n:
    github: TechMagister/i18n.cr
    version: 0.2.0

  ifrit:
    github: imdrasil/ifrit
    version: 0.1.2

  inflector:
    github: phoffer/inflector.cr
    version: 0.1.8

  jennifer:
    github: imdrasil/jennifer.cr
    commit: bb33ff728e712c85dbf565f12bf1b4281983cdc6

  lucky_cli:
    github: luckyframework/lucky_cli
    version: 0.11.0

  lucky_inflector:
    github: luckyframework/lucky_inflector
    version: 0.1.1

  lucky_record:
    github: luckyframework/lucky_record
    commit: 1c0757fa6686d6687259e5b8c299a61e1d4815de

  pg:
    github: will/crystal-pg
    version: 0.15.0

  sam:
    github: imdrasil/sam.cr
    version: 0.2.4

  teeplate:
    github: mosop/teeplate
    version: 0.6.1

  time_format:
    github: vladfaust/time_format.cr
    version: 0.1.1

