# NOTICE: This lockfile contains some overrides from shard.override.yml
version: 2.0
shards:
  admiral:
    git: https://github.com/jwaldrip/admiral.cr.git
    version: 1.11.2+git.commit.c3c3467953654554b72c24e7b853d6fbb23f10c0

  avram:
    git: https://github.com/luckyframework/avram.git
    version: 0.17.0+git.commit.419cca8d25512be45766d3224e5c56deb2ce5bd2

  blank:
    git: https://github.com/kostya/blank.git
    version: 0.1.0

  clear:
    git: https://github.com/anykeyh/clear.git
    version: 0.8+git.commit.4120e5e9bdea4d1ea78c9c7c74b6deb65bfcebe2

  crecto:
    git: https://github.com/Crecto/crecto.git
    version: 0.11.2+git.commit.fd65545083be0200aac4430d7673f74a2a08f7f8

  db: # Overridden
    git: https://github.com/crystal-lang/crystal-db.git
    version: 0.10.0+git.commit.bd456028644853f852f5adfe053142e6ad885e52

  dexter:
    git: https://github.com/luckyframework/dexter.git
    version: 0.3.1

  future:
    git: https://github.com/crystal-community/future.cr.git
    version: 0.1.0

  generate:
    git: https://github.com/anykeyh/generate.cr.git
    version: 0.1.0+git.commit.27a59d663ded8ce39a361e3a88b8dd747f59ce42

  granite:
    git: https://github.com/amberframework/granite.git
    version: 0.21.1+git.commit.c1e28172bb7ff59490da21839d80bd0e7b5681df

  habitat:
    git: https://github.com/luckyframework/habitat.git
    version: 0.4.4

  i18n:
    git: https://github.com/TechMagister/i18n.cr.git
    version: 0.3.1

  ifrit:
    git: https://github.com/imdrasil/ifrit.git
    version: 0.1.2

  inflector:
    git: https://github.com/phoffer/inflector.cr.git
    version: 0.1.8

  jennifer:
    git: https://github.com/imdrasil/jennifer.cr.git
    version: 0.9.0+git.commit.22bbaa466856594ef601589faae25320c8aa3f20

  lucky_cli:
    git: https://github.com/luckyframework/lucky_cli.git
    version: 0.24.0

  onyx-sql:
    git: https://github.com/onyxframework/sql.git
    version: 0.9.0+git.commit.e94b969bf3e90288a9af79972e24744ea7ab50eb

  pg: # Overridden
    git: https://github.com/will/crystal-pg.git
    version: 0.22.1+git.commit.cafeaf6127d8d50cfc345ae987f63e8d39fd9041

  pulsar:
    git: https://github.com/luckyframework/pulsar.git
    version: 0.2.1

  shell-table:
    git: https://github.com/luckyframework/shell-table.cr.git
    version: 0.9.2+git.commit.078a04ea58ead5203bb435a3b5fff448ddabaeea

  teeplate:
    git: https://github.com/luckyframework/teeplate.git
    version: 0.8.2

  time_format:
    git: https://github.com/vladfaust/time_format.cr.git
    version: 0.1.1

  wordsmith:
    git: https://github.com/luckyframework/wordsmith.git
    version: 0.2.1

